{
  "originHash" : "be52635450d1d8bcb30a932259c6e93dc84c998e621c4df67ba2593ca914195a",
  "pins" : [
    {
      "identity" : "a2a-client-swift",
      "kind" : "remoteSourceControl",
      "location" : "https://github.com/tolgaki/a2a-client-swift.git",
      "state" : {
        "revision" : "b2aaf3d71f65981b04b28598479c4809d4af7bde",
        "version" : "1.0.7"
      }
    }
  ],
  "version" : 3
}